
Microsoft Visual Studio Solution File, Format Version 12.00
# Visual Studio 14
VisualStudioVersion = 14.0.23107.0
MinimumVisualStudioVersion = 10.0.40219.1
Project("{FAE04EC0-301F-11D3-BF4B-00C04F79EFBC}") = "MvcSiteMapProvider_407", "MvcSiteMapProvider_407\MvcSiteMapProvider_407.csproj", "{BA029301-D9DD-4C41-BD7C-11F1208CF9BD}"
EndProject
Global
	GlobalSection(SolutionConfigurationPlatforms) = preSolution
		Debug|Any CPU = Debug|Any CPU
		Release|Any CPU = Release|Any CPU
	EndGlobalSection
	GlobalSection(ProjectConfigurationPlatforms) = postSolution
		{BA029301-D9DD-4C41-BD7C-11F1208CF9BD}.Debug|Any CPU.ActiveCfg = Debug|Any CPU
		{BA029301-D9DD-4C41-BD7C-11F1208CF9BD}.Debug|Any CPU.Build.0 = Debug|Any CPU
		{BA029301-D9DD-4C41-BD7C-11F1208CF9BD}.Release|Any CPU.ActiveCfg = Release|Any CPU
		{BA029301-D9DD-4C41-BD7C-11F1208CF9BD}.Release|Any CPU.Build.0 = Release|Any CPU
	EndGlobalSection
	GlobalSection(SolutionProperties) = preSolution
		HideSolutionNode = FALSE
	EndGlobalSection
EndGlobal
